{
  "version": 4,
  "terraform_version": "1.6.3",
  "serial": 106,
  "lineage": "bd8b509e-dc51-32ba-35dd-1264ec6cf630",
  "outputs": {},
  "resources": [
    {
      "mode": "managed",
      "type": "kubernetes_deployment",
      "name": "registry",
      "provider": "provider[\"registry.terraform.io/hashicorp/kubernetes\"]",
      "instances": [
        {
          "schema_version": 1,
          "attributes": {
            "id": "default/registry",
            "metadata": [
              {
                "annotations": {},
                "generate_name": "",
                "generation": 3,
                "labels": {},
                "name": "registry",
                "namespace": "default",
                "resource_version": "246338",
                "uid": "6a0935df-bc48-4d6a-a422-871d5cb6df28"
              }
            ],
            "spec": [
              {
                "min_ready_seconds": 0,
                "paused": false,
                "progress_deadline_seconds": 600,
                "replicas": "1",
                "revision_history_limit": 10,
                "selector": [
                  {
                    "match_expressions": [],
                    "match_labels": {
                      "app": "registry"
                    }
                  }
                ],
                "strategy": [
                  {
                    "rolling_update": [
                      {
                        "max_surge": "25%",
                        "max_unavailable": "25%"
                      }
                    ],
                    "type": "RollingUpdate"
                  }
                ],
                "template": [
                  {
                    "metadata": [
                      {
                        "annotations": {},
                        "generate_name": "",
                        "generation": 0,
                        "labels": {
                          "app": "registry"
                        },
                        "name": "",
                        "namespace": "",
                        "resource_version": "",
                        "uid": ""
                      }
                    ],
                    "spec": [
                      {
                        "active_deadline_seconds": 0,
                        "affinity": [],
                        "automount_service_account_token": true,
                        "container": [
                          {
                            "args": [],
                            "command": [],
                            "env": [
                              {
                                "name": "REGISTRY_AUTH",
                                "value": "htpasswd",
                                "value_from": []
                              },
                              {
                                "name": "REGISTRY_AUTH_HTPASSWD_REALM",
                                "value": "Registry Realm",
                                "value_from": []
                              },
                              {
                                "name": "REGISTRY_AUTH_HTPASSWD_PATH",
                                "value": "/var/lib/registry/auth/htpasswd",
                                "value_from": []
                              }
                            ],
                            "env_from": [],
                            "image": "registry:2",
                            "image_pull_policy": "IfNotPresent",
                            "lifecycle": [],
                            "liveness_probe": [],
                            "name": "registry",
                            "port": [
                              {
                                "container_port": 5000,
                                "host_ip": "",
                                "host_port": 0,
                                "name": "",
                                "protocol": "TCP"
                              }
                            ],
                            "readiness_probe": [],
                            "resources": [
                              {
                                "limits": {},
                                "requests": {}
                              }
                            ],
                            "security_context": [],
                            "startup_probe": [],
                            "stdin": false,
                            "stdin_once": false,
                            "termination_message_path": "/dev/termination-log",
                            "termination_message_policy": "File",
                            "tty": false,
                            "volume_mount": [
                              {
                                "mount_path": "/var/lib/registry/auth",
                                "mount_propagation": "None",
                                "name": "registry-auth",
                                "read_only": false,
                                "sub_path": ""
                              },
                              {
                                "mount_path": "/var/lib/registry",
                                "mount_propagation": "None",
                                "name": "registry-data",
                                "read_only": false,
                                "sub_path": ""
                              }
                            ],
                            "working_dir": ""
                          }
                        ],
                        "dns_config": [],
                        "dns_policy": "ClusterFirst",
                        "enable_service_links": true,
                        "host_aliases": [],
                        "host_ipc": false,
                        "host_network": false,
                        "host_pid": false,
                        "hostname": "",
                        "image_pull_secrets": [
                          {
                            "name": "registry-auth-secret"
                          }
                        ],
                        "init_container": [],
                        "node_name": "",
                        "node_selector": {},
                        "priority_class_name": "",
                        "readiness_gate": [],
                        "restart_policy": "Always",
                        "runtime_class_name": "",
                        "scheduler_name": "default-scheduler",
                        "security_context": [],
                        "service_account_name": "",
                        "share_process_namespace": false,
                        "subdomain": "",
                        "termination_grace_period_seconds": 30,
                        "toleration": [],
                        "topology_spread_constraint": [],
                        "volume": [
                          {
                            "aws_elastic_block_store": [],
                            "azure_disk": [],
                            "azure_file": [],
                            "ceph_fs": [],
                            "cinder": [],
                            "config_map": [],
                            "csi": [],
                            "downward_api": [],
                            "empty_dir": [],
                            "ephemeral": [],
                            "fc": [],
                            "flex_volume": [],
                            "flocker": [],
                            "gce_persistent_disk": [],
                            "git_repo": [],
                            "glusterfs": [],
                            "host_path": [],
                            "iscsi": [],
                            "local": [],
                            "name": "registry-data",
                            "nfs": [],
                            "persistent_volume_claim": [
                              {
                                "claim_name": "image-registry-claim",
                                "read_only": false
                              }
                            ],
                            "photon_persistent_disk": [],
                            "projected": [],
                            "quobyte": [],
                            "rbd": [],
                            "secret": [],
                            "vsphere_volume": []
                          },
                          {
                            "aws_elastic_block_store": [],
                            "azure_disk": [],
                            "azure_file": [],
                            "ceph_fs": [],
                            "cinder": [],
                            "config_map": [],
                            "csi": [],
                            "downward_api": [],
                            "empty_dir": [],
                            "ephemeral": [],
                            "fc": [],
                            "flex_volume": [],
                            "flocker": [],
                            "gce_persistent_disk": [],
                            "git_repo": [],
                            "glusterfs": [],
                            "host_path": [],
                            "iscsi": [],
                            "local": [],
                            "name": "registry-auth",
                            "nfs": [],
                            "persistent_volume_claim": [],
                            "photon_persistent_disk": [],
                            "projected": [],
                            "quobyte": [],
                            "rbd": [],
                            "secret": [
                              {
                                "default_mode": "0644",
                                "items": [],
                                "optional": false,
                                "secret_name": "registry-secret"
                              }
                            ],
                            "vsphere_volume": []
                          }
                        ]
                      }
                    ]
                  }
                ]
              }
            ],
            "timeouts": null,
            "wait_for_rollout": true
          },
          "sensitive_attributes": [],
          "private": "eyJlMmJmYjczMC1lY2FhLTExZTYtOGY4OC0zNDM2M2JjN2M0YzAiOnsiY3JlYXRlIjo2MDAwMDAwMDAwMDAsImRlbGV0ZSI6NjAwMDAwMDAwMDAwLCJ1cGRhdGUiOjYwMDAwMDAwMDAwMH0sInNjaGVtYV92ZXJzaW9uIjoiMSJ9",
          "dependencies": [
            "kubernetes_persistent_volume.image-registry",
            "kubernetes_persistent_volume_claim.image-registry-claim",
            "kubernetes_secret.registry_secret"
          ]
        }
      ]
    },
    {
      "mode": "managed",
      "type": "kubernetes_ingress_v1",
      "name": "registry_ingress",
      "provider": "provider[\"registry.terraform.io/hashicorp/kubernetes\"]",
      "instances": [
        {
          "schema_version": 0,
          "attributes": {
            "id": "default/registry-ingress",
            "metadata": [
              {
                "annotations": {
                  "nginx.ingress.kubernetes.io/proxy-body-size": "500m",
                  "nginx.ingress.kubernetes.io/rewrite-target": "/"
                },
                "generate_name": "",
                "generation": 1,
                "labels": {},
                "name": "registry-ingress",
                "namespace": "default",
                "resource_version": "242613",
                "uid": "5df5017f-a3f8-40bc-ad81-89312447b694"
              }
            ],
            "spec": [
              {
                "default_backend": [],
                "ingress_class_name": "nginx",
                "rule": [
                  {
                    "host": "naman.training.registry",
                    "http": [
                      {
                        "path": [
                          {
                            "backend": [
                              {
                                "resource": [],
                                "service": [
                                  {
                                    "name": "registry",
                                    "port": [
                                      {
                                        "name": "",
                                        "number": 80
                                      }
                                    ]
                                  }
                                ]
                              }
                            ],
                            "path": "/",
                            "path_type": "Prefix"
                          }
                        ]
                      }
                    ]
                  }
                ],
                "tls": [
                  {
                    "hosts": [
                      "naman.training.registry"
                    ],
                    "secret_name": "my-tls-secret"
                  }
                ]
              }
            ],
            "status": [
              {
                "load_balancer": [
                  {
                    "ingress": [
                      {
                        "hostname": "",
                        "ip": "172.18.214.140"
                      }
                    ]
                  }
                ]
              }
            ],
            "timeouts": null,
            "wait_for_load_balancer": null
          },
          "sensitive_attributes": [],
          "private": "eyJlMmJmYjczMC1lY2FhLTExZTYtOGY4OC0zNDM2M2JjN2M0YzAiOnsiY3JlYXRlIjoxMjAwMDAwMDAwMDAwLCJkZWxldGUiOjEyMDAwMDAwMDAwMDB9fQ==",
          "dependencies": [
            "kubernetes_service.registry"
          ]
        }
      ]
    },
    {
      "mode": "managed",
      "type": "kubernetes_persistent_volume",
      "name": "image-registry",
      "provider": "provider[\"registry.terraform.io/hashicorp/kubernetes\"]",
      "instances": [
        {
          "schema_version": 0,
          "attributes": {
            "id": "image-registry",
            "metadata": [
              {
                "annotations": {},
                "generation": 0,
                "labels": {},
                "name": "image-registry",
                "resource_version": "242546",
                "uid": "171dcaf5-56d0-4978-9f49-86d38f73e98c"
              }
            ],
            "spec": [
              {
                "access_modes": [
                  "ReadWriteOnce"
                ],
                "capacity": {
                  "storage": "2Gi"
                },
                "claim_ref": [
                  {
                    "name": "image-registry-claim",
                    "namespace": "default"
                  }
                ],
                "mount_options": [],
                "node_affinity": [],
                "persistent_volume_reclaim_policy": "Retain",
                "persistent_volume_source": [
                  {
                    "aws_elastic_block_store": [],
                    "azure_disk": [],
                    "azure_file": [],
                    "ceph_fs": [],
                    "cinder": [],
                    "csi": [],
                    "fc": [],
                    "flex_volume": [],
                    "flocker": [],
                    "gce_persistent_disk": [],
                    "glusterfs": [],
                    "host_path": [
                      {
                        "path": "/c/Registry",
                        "type": ""
                      }
                    ],
                    "iscsi": [],
                    "local": [],
                    "nfs": [],
                    "photon_persistent_disk": [],
                    "quobyte": [],
                    "rbd": [],
                    "vsphere_volume": []
                  }
                ],
                "storage_class_name": "standard",
                "volume_mode": "Filesystem"
              }
            ],
            "timeouts": null
          },
          "sensitive_attributes": [],
          "private": "eyJlMmJmYjczMC1lY2FhLTExZTYtOGY4OC0zNDM2M2JjN2M0YzAiOnsiY3JlYXRlIjozMDAwMDAwMDAwMDB9fQ=="
        }
      ]
    },
    {
      "mode": "managed",
      "type": "kubernetes_persistent_volume_claim",
      "name": "image-registry-claim",
      "provider": "provider[\"registry.terraform.io/hashicorp/kubernetes\"]",
      "instances": [
        {
          "schema_version": 0,
          "attributes": {
            "id": "default/image-registry-claim",
            "metadata": [
              {
                "annotations": {},
                "generate_name": "",
                "generation": 0,
                "labels": {},
                "name": "image-registry-claim",
                "namespace": "default",
                "resource_version": "242549",
                "uid": "bb0b2825-92a6-49ae-b50f-89d4963d9569"
              }
            ],
            "spec": [
              {
                "access_modes": [
                  "ReadWriteOnce"
                ],
                "resources": [
                  {
                    "limits": {},
                    "requests": {
                      "storage": "1Gi"
                    }
                  }
                ],
                "selector": [],
                "storage_class_name": "standard",
                "volume_name": "image-registry"
              }
            ],
            "timeouts": null,
            "wait_until_bound": true
          },
          "sensitive_attributes": [],
          "private": "eyJlMmJmYjczMC1lY2FhLTExZTYtOGY4OC0zNDM2M2JjN2M0YzAiOnsiY3JlYXRlIjozMDAwMDAwMDAwMDB9fQ==",
          "dependencies": [
            "kubernetes_persistent_volume.image-registry"
          ]
        }
      ]
    },
    {
      "mode": "managed",
      "type": "kubernetes_secret",
      "name": "my_tls_secret",
      "provider": "provider[\"registry.terraform.io/hashicorp/kubernetes\"]",
      "instances": [
        {
          "schema_version": 0,
          "attributes": {
            "binary_data": null,
            "data": {
              "tls.crt": "-----BEGIN CERTIFICATE-----\nMIIDjTCCAnWgAwIBAgIUenDva/kUmo6Qx/gSZiQrCAqNMYkwDQYJKoZIhvcNAQEL\nBQAwPDELMAkGA1UEBhMCSU4xEzARBgNVBAgMClNvbWUtU3RhdGUxGDAWBgNVBAMM\nD251bWN5cy1zc2wtY2VydDAeFw0yMzExMjcwNDI2MTlaFw0yNjAzMDEwNDI2MTla\nMEUxCzAJBgNVBAYTAklOMRMwEQYDVQQIDApTb21lLVN0YXRlMSEwHwYDVQQKDBhJ\nbnRlcm5ldCBXaWRnaXRzIFB0eSBMdGQwggEiMA0GCSqGSIb3DQEBAQUAA4IBDwAw\nggEKAoIBAQC2OLAhRM8k1iXv4A1e2FvowtqmOMbqNZr0/zmYZdL5ApweHAz9NvCA\nUd8gaxlPgbsPe1gBcTIenWk4LkftKOytQpPuUNmc7M+ICrzqW6Bgif68PtKY810W\neMvaeqEvskP0KRm7OfB8RMAFA+iggEvfVW2U3zEFpl/IEz2Yg+0/qIuuNBARYWlL\nCLLwMMn1h7uDXzYOTTw8sZCnTqPoO5XpowYJ/CIGJERM6YRU7F/HnEjQlM/uvgoS\n2MuFBubcLVK2YUn2Gn+KgK1mK6z1X0J4j9R6hzQagvPCffv5QvAGhfmpbAdlqVzc\nodqC9PrlpN/aG/DJYCI7z8KKU2AlzchHAgMBAAGjfjB8MB8GA1UdIwQYMBaAFMgc\ny4dw3hwex8K+Tyiu8NME6sCwMAkGA1UdEwQCMAAwCwYDVR0PBAQDAgTwMCIGA1Ud\nEQQbMBmCF25hbWFuLnRyYWluaW5nLnJlZ2lzdHJ5MB0GA1UdDgQWBBR8xtDjNM5l\n+f1X4XDn8bn/A8l17TANBgkqhkiG9w0BAQsFAAOCAQEAGnuozpYJ1FqHuCtSjqnT\nWG39v9hfhTwhWRuDVdlNLr2/cy+JVadJDeME7eY4veSlo1l99xxK/b2/qKM6MLGT\nm/gPnzIhYadAnlE4RU672YSpewDBLv/9AEk/fKZuNWYULfXRwD1ciNYsg2KswDWf\n+GEwtQiSv8JA0dlh9HOtRMO8XfHKDD4uge39HKvRfN4MatYMwlyj5Qn5/0YLB3FO\nO54ILAOa3md6u5vJ6kkENIjDgsUcHYnL6U5YG1h6xEhcwGY5yni9UVRokmUNf1ba\n3GzAFAix5x62svSrolT45vXNyITspr/pw6ggKsIQRMY/gsc0PVFLmg5Q3nMeKiyM\nIw==\n-----END CERTIFICATE-----\n",
              "tls.key": "-----BEGIN PRIVATE KEY-----\nMIIEvQIBADANBgkqhkiG9w0BAQEFAASCBKcwggSjAgEAAoIBAQC2OLAhRM8k1iXv\n4A1e2FvowtqmOMbqNZr0/zmYZdL5ApweHAz9NvCAUd8gaxlPgbsPe1gBcTIenWk4\nLkftKOytQpPuUNmc7M+ICrzqW6Bgif68PtKY810WeMvaeqEvskP0KRm7OfB8RMAF\nA+iggEvfVW2U3zEFpl/IEz2Yg+0/qIuuNBARYWlLCLLwMMn1h7uDXzYOTTw8sZCn\nTqPoO5XpowYJ/CIGJERM6YRU7F/HnEjQlM/uvgoS2MuFBubcLVK2YUn2Gn+KgK1m\nK6z1X0J4j9R6hzQagvPCffv5QvAGhfmpbAdlqVzcodqC9PrlpN/aG/DJYCI7z8KK\nU2AlzchHAgMBAAECggEADKCHzy/5Rrn/bcyFDXh8Tfg96VzWQK6V3iC9hf3J89Vz\nEHPf9ozTETrn9YaJl3fYiMccUkuplHOF/tpxXR7QrJgh4vBmINJMKa1maYfcTwEU\nNOLWYLqK52uLFmJ/C7lHrWixTscO27c/GY0R/Rh6D+M+MVD4d0X2YMmGI2APYn5j\nOKNdlQWTHvwI2XI/wXnA3K2FHUd9EfGCHOhf4TOLZxTxBsCn7na4+5cHZfjZXgNa\np8G1SQZcWGyO9Ip3vhPapL9h8i6hwBczbp1YT29QZm5Slsos0KSbhETR7yxax0Jo\nu9zmsI0sAUWULe7X6YOuOt3KBRi+0LsaxDF8jC82MQKBgQDsmcn5Nrzy3bVr8qeb\n4HNgAQ+V8oMW62o3lTtZaqMWyinqxld3gB5l+c7+8KHG/ThhWigF4vvKutwRs/B1\n8o1lh9aF02cRtALUJKBZoNahL0qrv0HZYL80/LfpyhFC5AwEygpPpDWBR6RdDQIo\nhBKkwY6CKOFxMpvlqZBRRz622QKBgQDFKXyCi2kqDxOiIvXOMIDOXgsdCVKTc7Ma\nKRStq3rPz1Q2MVF4WOPLrqjYbNWe4ueMJdQrg5DKMiJkxVyBLyQHcGGN4CD7nQ2T\nHoc/n9ILciG2XHVHt3DfNCZ5rjmgkxf5Xet0o2R4msZSv5EbZPFL/MiMZZnmmyCR\nQeKMw0REHwKBgQDRr9JiffKjQ36f9uQ4r4lREl+fwtgPHgB61lVM/8ceUXkoyzOF\ngxRtyCF9rAGUe6LWFLLX1LzWhRi4z8JSpe5Ohz7GR/9WnzTKktNR28ub+m+xGsXf\nQ3DyIu9T0XPO1pEYRX8x6hRJSRcQKJE7GyHyxl/oVxbF3dZwigCPKBcasQKBgAyB\nhilNqH0HecpWB1ttzi3I31GXLsq1kw28v1gIwYB++St6010b3k8kJAeeV6p9YAyO\ntbeQ39VDetUDg8uZ7uId6cIzDkSHgL3tOMz7WTpqoeLMWJAU/a7awvoC6BrcWa/y\nmiXK22ue/adwCUdAjuGwBhSJuUpcWqN8F1+wXxsnAoGAGlBMEiY2iAQtjT6p7N8c\naiGeuQViN4Ouq9gKmb5NncPH3XzBBFEAFlHuHZgV8CwQ+Cqns885cLcFSvfH/ll5\nszgNMQJeZvZH1VeVGuyFDq0MkDjAsAEGnvhElQxKKNz8S95Ajlr8/H1t2bchEXFZ\ncBrOY4she68G6ErB+VU9kEw=\n-----END PRIVATE KEY-----\n"
            },
            "id": "default/my-tls-secret",
            "immutable": false,
            "metadata": [
              {
                "annotations": {},
                "generate_name": "",
                "generation": 0,
                "labels": {},
                "name": "my-tls-secret",
                "namespace": "default",
                "resource_version": "242535",
                "uid": "a9188972-2979-4372-80c4-cc2e30704f0f"
              }
            ],
            "timeouts": null,
            "type": "Opaque",
            "wait_for_service_account_token": true
          },
          "sensitive_attributes": [],
          "private": "eyJlMmJmYjczMC1lY2FhLTExZTYtOGY4OC0zNDM2M2JjN2M0YzAiOnsiY3JlYXRlIjo2MDAwMDAwMDAwMH19"
        }
      ]
    },
    {
      "mode": "managed",
      "type": "kubernetes_secret",
      "name": "registry_secret",
      "provider": "provider[\"registry.terraform.io/hashicorp/kubernetes\"]",
      "instances": [
        {
          "schema_version": 0,
          "attributes": {
            "binary_data": null,
            "data": {
              "htpasswd": "admin:$2y$05$y67v3WPh/XZPg8aItiYmSesurOCItXLmihm9Du0VUPAT6HMNKP/qK"
            },
            "id": "default/registry-secret",
            "immutable": false,
            "metadata": [
              {
                "annotations": {},
                "generate_name": "",
                "generation": 0,
                "labels": {},
                "name": "registry-secret",
                "namespace": "default",
                "resource_version": "247166",
                "uid": "c52b9a96-f45c-4de2-adc9-e47495bb90f4"
              }
            ],
            "timeouts": null,
            "type": "Opaque",
            "wait_for_service_account_token": true
          },
          "sensitive_attributes": [],
          "private": "eyJlMmJmYjczMC1lY2FhLTExZTYtOGY4OC0zNDM2M2JjN2M0YzAiOnsiY3JlYXRlIjo2MDAwMDAwMDAwMH19"
        }
      ]
    },
    {
      "mode": "managed",
      "type": "kubernetes_service",
      "name": "registry",
      "provider": "provider[\"registry.terraform.io/hashicorp/kubernetes\"]",
      "instances": [
        {
          "schema_version": 1,
          "attributes": {
            "id": "default/registry",
            "metadata": [
              {
                "annotations": {},
                "generate_name": "",
                "generation": 0,
                "labels": {},
                "name": "registry",
                "namespace": "default",
                "resource_version": "242541",
                "uid": "5b4cb905-7dbc-4320-bd94-5041ccb0890b"
              }
            ],
            "spec": [
              {
                "allocate_load_balancer_node_ports": true,
                "cluster_ip": "10.111.221.174",
                "cluster_ips": [
                  "10.111.221.174"
                ],
                "external_ips": [],
                "external_name": "",
                "external_traffic_policy": "",
                "health_check_node_port": 0,
                "internal_traffic_policy": "Cluster",
                "ip_families": [
                  "IPv4"
                ],
                "ip_family_policy": "SingleStack",
                "load_balancer_class": "",
                "load_balancer_ip": "",
                "load_balancer_source_ranges": [],
                "port": [
                  {
                    "app_protocol": "",
                    "name": "",
                    "node_port": 0,
                    "port": 80,
                    "protocol": "TCP",
                    "target_port": "5000"
                  }
                ],
                "publish_not_ready_addresses": false,
                "selector": {
                  "app": "registry"
                },
                "session_affinity": "None",
                "session_affinity_config": [],
                "type": "ClusterIP"
              }
            ],
            "status": [
              {
                "load_balancer": [
                  {
                    "ingress": []
                  }
                ]
              }
            ],
            "timeouts": null,
            "wait_for_load_balancer": true
          },
          "sensitive_attributes": [],
          "private": "eyJlMmJmYjczMC1lY2FhLTExZTYtOGY4OC0zNDM2M2JjN2M0YzAiOnsiY3JlYXRlIjo2MDAwMDAwMDAwMDB9LCJzY2hlbWFfdmVyc2lvbiI6IjEifQ=="
        }
      ]
    }
  ],
  "check_results": null
}
