{
  "version": 4,
  "terraform_version": "1.6.3",
  "serial": 48,
  "lineage": "e7428dc3-e1e4-73b9-a79e-0bf354002f1f",
  "outputs": {},
  "resources": [
    {
      "mode": "managed",
      "type": "kubernetes_config_map",
      "name": "nginx_config",
      "provider": "provider[\"registry.terraform.io/hashicorp/kubernetes\"]",
      "instances": [
        {
          "schema_version": 0,
          "attributes": {
            "binary_data": {},
            "data": {
              "default.conf": "server {\r\n  listen 80;\r\n  autoindex on;\r\n\r\n  location / {\r\n    root /usr/share/nginx/html;\r\n    index index.html;\r\n  }\r\n  location /secure {\r\n    alias /usr/share/nginx/html/secure;\r\n    index index.html;\r\n    try_files $uri $uri/ =404;\r\n  }\r\n  location /insecure {\r\n    alias /usr/share/nginx/html/insecure;\r\n    index index.html;\r\n  }\r\n}\r\n"
            },
            "id": "default/nginx-config",
            "immutable": false,
            "metadata": [
              {
                "annotations": {},
                "generate_name": "",
                "generation": 0,
                "labels": {},
                "name": "nginx-config",
                "namespace": "default",
                "resource_version": "78168",
                "uid": "d0214f0b-115f-45b2-89c2-473ae5df05c4"
              }
            ]
          },
          "sensitive_attributes": [],
          "private": "bnVsbA=="
        }
      ]
    },
    {
      "mode": "managed",
      "type": "kubernetes_ingress_v1",
      "name": "insecure_ingress",
      "provider": "provider[\"registry.terraform.io/hashicorp/kubernetes\"]",
      "instances": [
        {
          "schema_version": 0,
          "attributes": {
            "id": "default/insecure-ingress",
            "metadata": [
              {
                "annotations": {
                  "kubernetes.io/ingress.class": "nginx"
                },
                "generate_name": "",
                "generation": 1,
                "labels": null,
                "name": "insecure-ingress",
                "namespace": "default",
                "resource_version": "82385",
                "uid": "d4ce694d-415f-487b-ab29-7baa7b8cef4c"
              }
            ],
            "spec": [
              {
                "default_backend": [],
                "ingress_class_name": "",
                "rule": [
                  {
                    "host": "naman.training.app",
                    "http": [
                      {
                        "path": [
                          {
                            "backend": [
                              {
                                "resource": [],
                                "service": [
                                  {
                                    "name": "nginx-service",
                                    "port": [
                                      {
                                        "name": "",
                                        "number": 80
                                      }
                                    ]
                                  }
                                ]
                              }
                            ],
                            "path": "/insecure",
                            "path_type": "ImplementationSpecific"
                          }
                        ]
                      }
                    ]
                  }
                ],
                "tls": [
                  {
                    "hosts": [
                      "naman.training.app"
                    ],
                    "secret_name": "my-tls-secret"
                  }
                ]
              }
            ],
            "status": [
              {
                "load_balancer": [
                  {
                    "ingress": []
                  }
                ]
              }
            ],
            "timeouts": null,
            "wait_for_load_balancer": null
          },
          "sensitive_attributes": [],
          "private": "eyJlMmJmYjczMC1lY2FhLTExZTYtOGY4OC0zNDM2M2JjN2M0YzAiOnsiY3JlYXRlIjoxMjAwMDAwMDAwMDAwLCJkZWxldGUiOjEyMDAwMDAwMDAwMDB9fQ==",
          "dependencies": [
            "kubernetes_service_v1.nginx_service"
          ]
        }
      ]
    },
    {
      "mode": "managed",
      "type": "kubernetes_ingress_v1",
      "name": "secure_ingress",
      "provider": "provider[\"registry.terraform.io/hashicorp/kubernetes\"]",
      "instances": [
        {
          "schema_version": 0,
          "attributes": {
            "id": "default/secure-ingress",
            "metadata": [
              {
                "annotations": {
                  "kubernetes.io/ingress.class": "nginx",
                  "nginx.ingress.kubernetes.io/auth-realm": "Authentication required",
                  "nginx.ingress.kubernetes.io/auth-secret": "basic-auth",
                  "nginx.ingress.kubernetes.io/auth-type": "basic"
                },
                "generate_name": "",
                "generation": 1,
                "labels": null,
                "name": "secure-ingress",
                "namespace": "default",
                "resource_version": "82386",
                "uid": "b1c57a43-89a3-4e52-b9f4-993c8c1f286f"
              }
            ],
            "spec": [
              {
                "default_backend": [],
                "ingress_class_name": "",
                "rule": [
                  {
                    "host": "naman.training.app",
                    "http": [
                      {
                        "path": [
                          {
                            "backend": [
                              {
                                "resource": [],
                                "service": [
                                  {
                                    "name": "nginx-service",
                                    "port": [
                                      {
                                        "name": "",
                                        "number": 80
                                      }
                                    ]
                                  }
                                ]
                              }
                            ],
                            "path": "/secure",
                            "path_type": "ImplementationSpecific"
                          }
                        ]
                      }
                    ]
                  }
                ],
                "tls": [
                  {
                    "hosts": [
                      "naman.training.app"
                    ],
                    "secret_name": "my-tls-secret"
                  }
                ]
              }
            ],
            "status": [
              {
                "load_balancer": [
                  {
                    "ingress": []
                  }
                ]
              }
            ],
            "timeouts": null,
            "wait_for_load_balancer": null
          },
          "sensitive_attributes": [],
          "private": "eyJlMmJmYjczMC1lY2FhLTExZTYtOGY4OC0zNDM2M2JjN2M0YzAiOnsiY3JlYXRlIjoxMjAwMDAwMDAwMDAwLCJkZWxldGUiOjEyMDAwMDAwMDAwMDB9fQ==",
          "dependencies": [
            "kubernetes_service_v1.nginx_service"
          ]
        }
      ]
    },
    {
      "mode": "managed",
      "type": "kubernetes_secret",
      "name": "basic_auth",
      "provider": "provider[\"registry.terraform.io/hashicorp/kubernetes\"]",
      "instances": [
        {
          "schema_version": 0,
          "attributes": {
            "binary_data": null,
            "data": {
              "auth": "user1:$apr1$lTnWkFQD$YFsjoHYGgX3MNjGoPvQB1.\n"
            },
            "id": "default/basic-auth",
            "immutable": false,
            "metadata": [
              {
                "annotations": {},
                "generate_name": "",
                "generation": 0,
                "labels": {},
                "name": "basic-auth",
                "namespace": "default",
                "resource_version": "78678",
                "uid": "6b549daf-6e10-4691-85dc-ff6df1c32255"
              }
            ],
            "timeouts": null,
            "type": "Opaque",
            "wait_for_service_account_token": true
          },
          "sensitive_attributes": [],
          "private": "eyJlMmJmYjczMC1lY2FhLTExZTYtOGY4OC0zNDM2M2JjN2M0YzAiOnsiY3JlYXRlIjo2MDAwMDAwMDAwMH19"
        }
      ]
    },
    {
      "mode": "managed",
      "type": "kubernetes_secret",
      "name": "my_tls_secret",
      "provider": "provider[\"registry.terraform.io/hashicorp/kubernetes\"]",
      "instances": [
        {
          "schema_version": 0,
          "attributes": {
            "binary_data": null,
            "data": {
              "tls.crt": "-----BEGIN CERTIFICATE-----\nMIIESTCCArGgAwIBAgIQV0mdOree/+CUA4WzSrO+xTANBgkqhkiG9w0BAQsFADCB\ngTEeMBwGA1UEChMVbWtjZXJ0IGRldmVsb3BtZW50IENBMSswKQYDVQQLDCJMRU5P\nVk9cTmFtYW5ATGVub3ZvIChOYW1hbiBTaGFybWEpMTIwMAYDVQQDDClta2NlcnQg\nTEVOT1ZPXE5hbWFuQExlbm92byAoTmFtYW4gU2hhcm1hKTAeFw0yMzExMDkxMjM3\nMjJaFw0yNjAyMDkxMjM3MjJaMFYxJzAlBgNVBAoTHm1rY2VydCBkZXZlbG9wbWVu\ndCBjZXJ0aWZpY2F0ZTErMCkGA1UECwwiTEVOT1ZPXE5hbWFuQExlbm92byAoTmFt\nYW4gU2hhcm1hKTCCASIwDQYJKoZIhvcNAQEBBQADggEPADCCAQoCggEBANAEdIlg\nNMnvGvgKS7XCuy6GZwxtLWfWVQnFwkRx2y7r3G0ZyDtI5sSp6bVkY4g+jtv8ykX4\nmxisk8tAVMTXx3kHFy0Gz3AoXV635Gsy1DboHWXELWzVi7wZHnutsPQHEFnlaQPP\nO2VN8YVtQGVARsGhevLj0IVRaP60MO5+UWLz6a/C4pogBBg/Nnyh8+WFixq6zgea\nNChWhkUd0M6sN0XmemKIi02+HxBKrT/+52H78m2mcidlPb2LKUsqUKn8M9IBsxOZ\nNdLltxta06OofIMtcvVxDoAMrMRIDoJUMc5XodHenuOEYgJZpx0Z0Ie0TkJk7stp\nTrC1XIf8smKdz6ECAwEAAaNnMGUwDgYDVR0PAQH/BAQDAgWgMBMGA1UdJQQMMAoG\nCCsGAQUFBwMBMB8GA1UdIwQYMBaAFGW2+Hddxj3zftdTO9bQ2h88nc4FMB0GA1Ud\nEQQWMBSCEm5hbWFuLnRyYWluaW5nLmFwcDANBgkqhkiG9w0BAQsFAAOCAYEAYiPf\naWNrjTfQ3XOSFBR+o1jkfT7flANuZPY6Kuc9Ky/VuJzawXMIjIHZhJwZ+KZ5ytDF\nbxqM7KSokwf7M3YrTDew5dkBIYiTnUWMVlyKS2Iqo11ey2EpW6H+5sj6QMhLAQWg\nz9XzjQe67sX+BUzYg6QIO+Kv3hKnhzhVqsSvZW+MKcVyzzwKemvuqjnCIABjEgOF\nWVI9ni7MNnAhWCruBKZR5J+jpSXrhyFz4RX8X/llG0GynZX6Y+nAhTaSJPSZDOK8\n4HP0uMMRgFKOWno4Rev9/jOxabYVNo8rGt0c0emEOeXlerkDsJJF379DoWNDutsQ\nUXyMpF1yr8QPDIWIFIS/eNQeZj1H84qZkegIxkbAROHMM3owhzZwbxnsBqStPaDq\nIuA2STUnr0JB6xjZqeBdXlgKnv/bU3/VLtjqtUDAhPsXtP8F0ee7w+aCual4EaPs\nc3eJqsyT8FhvFtel014tI4Z53yE2ITb+JjwnvIfg+N78m/8xtkYyBjawfatr\n-----END CERTIFICATE-----\n",
              "tls.key": "-----BEGIN PRIVATE KEY-----\nMIIEvQIBADANBgkqhkiG9w0BAQEFAASCBKcwggSjAgEAAoIBAQDQBHSJYDTJ7xr4\nCku1wrsuhmcMbS1n1lUJxcJEcdsu69xtGcg7SObEqem1ZGOIPo7b/MpF+JsYrJPL\nQFTE18d5BxctBs9wKF1et+RrMtQ26B1lxC1s1Yu8GR57rbD0BxBZ5WkDzztlTfGF\nbUBlQEbBoXry49CFUWj+tDDuflFi8+mvwuKaIAQYPzZ8ofPlhYsaus4HmjQoVoZF\nHdDOrDdF5npiiItNvh8QSq0//udh+/JtpnInZT29iylLKlCp/DPSAbMTmTXS5bcb\nWtOjqHyDLXL1cQ6ADKzESA6CVDHOV6HR3p7jhGICWacdGdCHtE5CZO7LaU6wtVyH\n/LJinc+hAgMBAAECggEAHF9vMcmwiZaWfByTZRBRjbABYD2IAvDGGpYhwEozVjwP\njcYFfKid6VcvrHEr7kpyG+loAZE+PmhTpFZ6+XphF83yyE50ftzSl3fHrSN6tJ6G\nW/odJAogjCB0+vOe/jn0bf6Pi1h5xoCSH9vd+7F/tSt8ZKLUL0sCYjNbtTv/h9p0\nFxlxgMRqk+slZtcqOsZ/R4RxElG16Wyo6AxEkaLO5frU4WIgIKut4xWHpP2U8U8Y\ntarZzhLyZgU0tUwnQNNfgu1y9Ss3RLtUaH0QhklrIOMj124fSD0R+o9vujAPfFXG\nYH2taBFoPVDSfulYbyxNUYRT/gEKG3BAMUixVKshEQKBgQDeKnZ+EvLglYQM6v8a\nNHPwea91NTsBvpxKZbjmyBf9RHim/tjwWRhPC8GiyuUNl4QIu5fDB4rLlCWbpolI\n5CxnPYw2+VBaUKc14028fNFtWnh8aumXkew/EQ9ZB24dfqQlgZaUtURmOHQlgQ8p\nI5RtoyHxF4eDh9m4Zsc8eGRBXQKBgQDvsmOLRRwIGA93ELBsS0uRHuPdvXjSYlKG\nMrLhF92rTkYi/5gUEuyXUfZGq11TOLJzFNgki21DI12DfZlA6D723tWZWoQRx8Ls\n57TazNwAdWv/8mb30mxQf9UCh04pQ2+01qbkweMSP8y18JZQbfvWB/IZ5vGR+730\nGhTEM9APFQKBgQC0ruw3lMmbBX6j0usuMMKqLQ0Z0fTvckpB54D9kHaSMIG/rzxY\nHN28S99run+XEkb7ozXGE/g5oX8Em+jDM285d8D1ZMaI7VdQaFDsnsbknNOovHrG\nHpN4pzNIQNa5fimZp08EGnhKeldbuR7PYnRwxl/waCZ6Pp4/brdS4scGsQKBgDKU\nHOc1ZQ3cLd88+U1QshhkQUb4BTe3oZxJtG9E/vR35trZvjh2KdBgbixJWr8F1rnr\n6xQDC8JAAyqM5TrKBwdGzCG49OdflKUy23nUApRiMrDmcI3YrBxsbQFEldylKzwo\nkzzwIL8oEUVPCBjerGZkdNS8Y7sfONz6Z+li2YNlAoGAais8w2Xosei2ezHL8ej4\n+bpI+bktvTX0y+eI66qXR/CF5IY19B5XNjd+X5OfscqlqWda46wFucLLQ09TYoVh\noZ02PHF8C2Qqv4Z64P6yJ68zJZwP/ZvSIlFVn5PNZ4NHVozzLq44m2l1ZPmNfRV5\n2MVScCegMNJDktrOX+PBt34=\n-----END PRIVATE KEY-----\n"
            },
            "id": "default/my-tls-secret",
            "immutable": false,
            "metadata": [
              {
                "annotations": {},
                "generate_name": "",
                "generation": 0,
                "labels": {},
                "name": "my-tls-secret",
                "namespace": "default",
                "resource_version": "78167",
                "uid": "63c9ec0d-f0e7-4765-9169-84c2faf070f0"
              }
            ],
            "timeouts": null,
            "type": "Opaque",
            "wait_for_service_account_token": true
          },
          "sensitive_attributes": [],
          "private": "eyJlMmJmYjczMC1lY2FhLTExZTYtOGY4OC0zNDM2M2JjN2M0YzAiOnsiY3JlYXRlIjo2MDAwMDAwMDAwMH19"
        }
      ]
    },
    {
      "mode": "managed",
      "type": "kubernetes_service_v1",
      "name": "nginx_service",
      "provider": "provider[\"registry.terraform.io/hashicorp/kubernetes\"]",
      "instances": [
        {
          "schema_version": 1,
          "attributes": {
            "id": "default/nginx-service",
            "metadata": [
              {
                "annotations": {},
                "generate_name": "",
                "generation": 0,
                "labels": {},
                "name": "nginx-service",
                "namespace": "default",
                "resource_version": "78170",
                "uid": "3287af8b-a805-437f-ba30-83c4cdeaf96f"
              }
            ],
            "spec": [
              {
                "allocate_load_balancer_node_ports": true,
                "cluster_ip": "10.102.51.220",
                "cluster_ips": [
                  "10.102.51.220"
                ],
                "external_ips": [],
                "external_name": "",
                "external_traffic_policy": "",
                "health_check_node_port": 0,
                "internal_traffic_policy": "Cluster",
                "ip_families": [
                  "IPv4"
                ],
                "ip_family_policy": "SingleStack",
                "load_balancer_class": "",
                "load_balancer_ip": "",
                "load_balancer_source_ranges": [],
                "port": [
                  {
                    "app_protocol": "",
                    "name": "",
                    "node_port": 0,
                    "port": 80,
                    "protocol": "TCP",
                    "target_port": "80"
                  }
                ],
                "publish_not_ready_addresses": false,
                "selector": {
                  "app": "mypod"
                },
                "session_affinity": "None",
                "session_affinity_config": [],
                "type": "ClusterIP"
              }
            ],
            "status": [
              {
                "load_balancer": [
                  {
                    "ingress": []
                  }
                ]
              }
            ],
            "timeouts": null,
            "wait_for_load_balancer": true
          },
          "sensitive_attributes": [],
          "private": "eyJlMmJmYjczMC1lY2FhLTExZTYtOGY4OC0zNDM2M2JjN2M0YzAiOnsiY3JlYXRlIjo2MDAwMDAwMDAwMDB9LCJzY2hlbWFfdmVyc2lvbiI6IjEifQ=="
        }
      ]
    }
  ],
  "check_results": null
}
