{
  "version": 4,
  "terraform_version": "1.6.3",
  "serial": 14,
  "lineage": "685ff5a6-fda8-2cf1-62cd-bf013b3a3fff",
  "outputs": {},
  "resources": [
    {
      "mode": "managed",
      "type": "kubernetes_config_map",
      "name": "nginx_config",
      "provider": "provider[\"registry.terraform.io/hashicorp/kubernetes\"]",
      "instances": [
        {
          "schema_version": 0,
          "attributes": {
            "binary_data": null,
            "data": {
              "default.conf": "server {\r\n  listen 80;\r\n  autoindex on;\r\n\r\n  location / {\r\n    root /usr/share/nginx/html;\r\n    index index.html;\r\n  }\r\n  location /secure {\r\n    alias /usr/share/nginx/html/secure;\r\n    index index.html;\r\n    try_files $uri $uri/ =404;\r\n  }\r\n  location /insecure {\r\n    alias /usr/share/nginx/html/insecure;\r\n    index index.html;\r\n  }\r\n}\r\n"
            },
            "id": "default/nginx-config",
            "immutable": false,
            "metadata": [
              {
                "annotations": null,
                "generate_name": "",
                "generation": 0,
                "labels": null,
                "name": "nginx-config",
                "namespace": "default",
                "resource_version": "4605",
                "uid": "669fefa4-246c-4495-b20b-d652469283b4"
              }
            ]
          },
          "sensitive_attributes": [],
          "private": "bnVsbA=="
        }
      ]
    },
    {
      "mode": "managed",
      "type": "kubernetes_ingress_v1",
      "name": "insecure_ingress",
      "provider": "provider[\"registry.terraform.io/hashicorp/kubernetes\"]",
      "instances": [
        {
          "schema_version": 0,
          "attributes": {
            "id": "default/insecure-ingress",
            "metadata": [
              {
                "annotations": {
                  "kubernetes.io/ingress.class": "nginx"
                },
                "generate_name": "",
                "generation": 1,
                "labels": null,
                "name": "insecure-ingress",
                "namespace": "default",
                "resource_version": "4617",
                "uid": "5ae57361-0bda-4dbb-83b0-9a5a9bc8657e"
              }
            ],
            "spec": [
              {
                "default_backend": [],
                "ingress_class_name": "",
                "rule": [
                  {
                    "host": "naman.training.app",
                    "http": [
                      {
                        "path": [
                          {
                            "backend": [
                              {
                                "resource": [],
                                "service": [
                                  {
                                    "name": "nginx-service",
                                    "port": [
                                      {
                                        "name": "",
                                        "number": 80
                                      }
                                    ]
                                  }
                                ]
                              }
                            ],
                            "path": "/insecure",
                            "path_type": "ImplementationSpecific"
                          }
                        ]
                      }
                    ]
                  }
                ],
                "tls": [
                  {
                    "hosts": [
                      "naman.training.app"
                    ],
                    "secret_name": "my-tls-secret"
                  }
                ]
              }
            ],
            "status": [
              {
                "load_balancer": [
                  {
                    "ingress": []
                  }
                ]
              }
            ],
            "timeouts": null,
            "wait_for_load_balancer": null
          },
          "sensitive_attributes": [],
          "private": "eyJlMmJmYjczMC1lY2FhLTExZTYtOGY4OC0zNDM2M2JjN2M0YzAiOnsiY3JlYXRlIjoxMjAwMDAwMDAwMDAwLCJkZWxldGUiOjEyMDAwMDAwMDAwMDB9fQ==",
          "dependencies": [
            "kubernetes_service_v1.nginx_service"
          ]
        }
      ]
    },
    {
      "mode": "managed",
      "type": "kubernetes_ingress_v1",
      "name": "secure_ingress",
      "provider": "provider[\"registry.terraform.io/hashicorp/kubernetes\"]",
      "instances": [
        {
          "schema_version": 0,
          "attributes": {
            "id": "default/secure-ingress",
            "metadata": [
              {
                "annotations": {
                  "kubernetes.io/ingress.class": "nginx",
                  "nginx.ingress.kubernetes.io/auth-realm": "Authentication required",
                  "nginx.ingress.kubernetes.io/auth-secret": "basic-auth",
                  "nginx.ingress.kubernetes.io/auth-type": "basic"
                },
                "generate_name": "",
                "generation": 1,
                "labels": null,
                "name": "secure-ingress",
                "namespace": "default",
                "resource_version": "4619",
                "uid": "b4d06fa6-df72-4a20-8bb3-8bce63e605e5"
              }
            ],
            "spec": [
              {
                "default_backend": [],
                "ingress_class_name": "",
                "rule": [
                  {
                    "host": "naman.training.app",
                    "http": [
                      {
                        "path": [
                          {
                            "backend": [
                              {
                                "resource": [],
                                "service": [
                                  {
                                    "name": "nginx-service",
                                    "port": [
                                      {
                                        "name": "",
                                        "number": 80
                                      }
                                    ]
                                  }
                                ]
                              }
                            ],
                            "path": "/secure",
                            "path_type": "ImplementationSpecific"
                          }
                        ]
                      }
                    ]
                  }
                ],
                "tls": [
                  {
                    "hosts": [
                      "naman.training.app"
                    ],
                    "secret_name": "my-tls-secret"
                  }
                ]
              }
            ],
            "status": [
              {
                "load_balancer": [
                  {
                    "ingress": []
                  }
                ]
              }
            ],
            "timeouts": null,
            "wait_for_load_balancer": null
          },
          "sensitive_attributes": [],
          "private": "eyJlMmJmYjczMC1lY2FhLTExZTYtOGY4OC0zNDM2M2JjN2M0YzAiOnsiY3JlYXRlIjoxMjAwMDAwMDAwMDAwLCJkZWxldGUiOjEyMDAwMDAwMDAwMDB9fQ==",
          "dependencies": [
            "kubernetes_service_v1.nginx_service"
          ]
        }
      ]
    },
    {
      "mode": "managed",
      "type": "kubernetes_pod",
      "name": "mypod",
      "provider": "provider[\"registry.terraform.io/hashicorp/kubernetes\"]",
      "instances": [
        {
          "schema_version": 1,
          "attributes": {
            "id": "default/mypod",
            "metadata": [
              {
                "annotations": null,
                "generate_name": "",
                "generation": 0,
                "labels": {
                  "app": "mypod"
                },
                "name": "mypod",
                "namespace": "default",
                "resource_version": "4640",
                "uid": "5fae6500-7d93-47c0-bc59-01ce1df2f639"
              }
            ],
            "spec": [
              {
                "active_deadline_seconds": 0,
                "affinity": [],
                "automount_service_account_token": true,
                "container": [
                  {
                    "args": null,
                    "command": null,
                    "env": [],
                    "env_from": [],
                    "image": "nginx",
                    "image_pull_policy": "Always",
                    "lifecycle": [],
                    "liveness_probe": [],
                    "name": "nginx-container",
                    "port": [],
                    "readiness_probe": [],
                    "resources": [
                      {
                        "limits": {},
                        "requests": {}
                      }
                    ],
                    "security_context": [],
                    "startup_probe": [],
                    "stdin": false,
                    "stdin_once": false,
                    "termination_message_path": "/dev/termination-log",
                    "termination_message_policy": "File",
                    "tty": false,
                    "volume_mount": [
                      {
                        "mount_path": "/usr/share/nginx/html",
                        "mount_propagation": "None",
                        "name": "html-files",
                        "read_only": false,
                        "sub_path": ""
                      },
                      {
                        "mount_path": "/etc/nginx/conf.d",
                        "mount_propagation": "None",
                        "name": "nginx-config",
                        "read_only": false,
                        "sub_path": ""
                      }
                    ],
                    "working_dir": ""
                  },
                  {
                    "args": [
                      "echo '\u003chtml\u003e\u003cbody\u003e\u003ch1\u003eThis is the HOME page\u003c/h1\u003e\u003c/body\u003e\u003c/html\u003e' \u003e /usr/share/nginx/html/index.html \u0026\u0026",
                      "mkdir -p /usr/share/nginx/html/insecure /usr/share/nginx/html/secure \u0026\u0026",
                      "echo '\u003chtml\u003e\u003cbody\u003e\u003ch1\u003eThis is an insecure page\u003c/h1\u003e\u003c/body\u003e\u003c/html\u003e' \u003e /usr/share/nginx/html/insecure/index.html \u0026\u0026",
                      "echo '\u003chtml\u003e\u003cbody\u003e\u003ch1\u003eThis is a secure page\u003c/h1\u003e\u003c/body\u003e\u003c/html\u003e' \u003e /usr/share/nginx/html/secure/index.html \u0026\u0026",
                      "sleep infinity"
                    ],
                    "command": [
                      "/bin/sh",
                      "-c"
                    ],
                    "env": [],
                    "env_from": [],
                    "image": "ubuntu",
                    "image_pull_policy": "Always",
                    "lifecycle": [],
                    "liveness_probe": [],
                    "name": "ubuntu-container",
                    "port": [],
                    "readiness_probe": [],
                    "resources": [
                      {
                        "limits": {},
                        "requests": {}
                      }
                    ],
                    "security_context": [],
                    "startup_probe": [],
                    "stdin": false,
                    "stdin_once": false,
                    "termination_message_path": "/dev/termination-log",
                    "termination_message_policy": "File",
                    "tty": false,
                    "volume_mount": [
                      {
                        "mount_path": "/usr/share/nginx/html",
                        "mount_propagation": "None",
                        "name": "html-files",
                        "read_only": false,
                        "sub_path": ""
                      }
                    ],
                    "working_dir": ""
                  }
                ],
                "dns_config": [],
                "dns_policy": "ClusterFirst",
                "enable_service_links": true,
                "host_aliases": [],
                "host_ipc": false,
                "host_network": false,
                "host_pid": false,
                "hostname": "",
                "image_pull_secrets": [],
                "init_container": [],
                "node_name": "minikube",
                "node_selector": null,
                "priority_class_name": "",
                "readiness_gate": [],
                "restart_policy": "Always",
                "runtime_class_name": "",
                "scheduler_name": "default-scheduler",
                "security_context": [],
                "service_account_name": "default",
                "share_process_namespace": false,
                "subdomain": "",
                "termination_grace_period_seconds": 30,
                "toleration": [],
                "topology_spread_constraint": [],
                "volume": [
                  {
                    "aws_elastic_block_store": [],
                    "azure_disk": [],
                    "azure_file": [],
                    "ceph_fs": [],
                    "cinder": [],
                    "config_map": [],
                    "csi": [],
                    "downward_api": [],
                    "empty_dir": [
                      {
                        "medium": "",
                        "size_limit": ""
                      }
                    ],
                    "ephemeral": [],
                    "fc": [],
                    "flex_volume": [],
                    "flocker": [],
                    "gce_persistent_disk": [],
                    "git_repo": [],
                    "glusterfs": [],
                    "host_path": [],
                    "iscsi": [],
                    "local": [],
                    "name": "html-files",
                    "nfs": [],
                    "persistent_volume_claim": [],
                    "photon_persistent_disk": [],
                    "projected": [],
                    "quobyte": [],
                    "rbd": [],
                    "secret": [],
                    "vsphere_volume": []
                  },
                  {
                    "aws_elastic_block_store": [],
                    "azure_disk": [],
                    "azure_file": [],
                    "ceph_fs": [],
                    "cinder": [],
                    "config_map": [
                      {
                        "default_mode": "0644",
                        "items": [],
                        "name": "nginx-config",
                        "optional": false
                      }
                    ],
                    "csi": [],
                    "downward_api": [],
                    "empty_dir": [],
                    "ephemeral": [],
                    "fc": [],
                    "flex_volume": [],
                    "flocker": [],
                    "gce_persistent_disk": [],
                    "git_repo": [],
                    "glusterfs": [],
                    "host_path": [],
                    "iscsi": [],
                    "local": [],
                    "name": "nginx-config",
                    "nfs": [],
                    "persistent_volume_claim": [],
                    "photon_persistent_disk": [],
                    "projected": [],
                    "quobyte": [],
                    "rbd": [],
                    "secret": [],
                    "vsphere_volume": []
                  }
                ]
              }
            ],
            "target_state": null,
            "timeouts": null
          },
          "sensitive_attributes": [],
          "private": "eyJlMmJmYjczMC1lY2FhLTExZTYtOGY4OC0zNDM2M2JjN2M0YzAiOnsiY3JlYXRlIjozMDAwMDAwMDAwMDAsImRlbGV0ZSI6MzAwMDAwMDAwMDAwfSwic2NoZW1hX3ZlcnNpb24iOiIxIn0="
        }
      ]
    },
    {
      "mode": "managed",
      "type": "kubernetes_secret",
      "name": "basic_auth",
      "provider": "provider[\"registry.terraform.io/hashicorp/kubernetes\"]",
      "instances": [
        {
          "schema_version": 0,
          "attributes": {
            "binary_data": null,
            "data": {
              "auth": "user1:$apr1$lTnWkFQD$YFsjoHYGgX3MNjGoPvQB1.\n"
            },
            "id": "default/basic-auth",
            "immutable": false,
            "metadata": [
              {
                "annotations": null,
                "generate_name": "",
                "generation": 0,
                "labels": null,
                "name": "basic-auth",
                "namespace": "default",
                "resource_version": "4606",
                "uid": "824f6c55-40a0-492a-a6ea-ea05935bfe9d"
              }
            ],
            "timeouts": null,
            "type": "Opaque",
            "wait_for_service_account_token": true
          },
          "sensitive_attributes": [],
          "private": "eyJlMmJmYjczMC1lY2FhLTExZTYtOGY4OC0zNDM2M2JjN2M0YzAiOnsiY3JlYXRlIjo2MDAwMDAwMDAwMH19"
        }
      ]
    },
    {
      "mode": "managed",
      "type": "kubernetes_secret",
      "name": "my_tls_secret",
      "provider": "provider[\"registry.terraform.io/hashicorp/kubernetes\"]",
      "instances": [
        {
          "schema_version": 0,
          "attributes": {
            "binary_data": null,
            "data": {
              "tls.crt": "-----BEGIN CERTIFICATE-----\nMIIESTCCArGgAwIBAgIQV0mdOree/+CUA4WzSrO+xTANBgkqhkiG9w0BAQsFADCB\ngTEeMBwGA1UEChMVbWtjZXJ0IGRldmVsb3BtZW50IENBMSswKQYDVQQLDCJMRU5P\nVk9cTmFtYW5ATGVub3ZvIChOYW1hbiBTaGFybWEpMTIwMAYDVQQDDClta2NlcnQg\nTEVOT1ZPXE5hbWFuQExlbm92byAoTmFtYW4gU2hhcm1hKTAeFw0yMzExMDkxMjM3\nMjJaFw0yNjAyMDkxMjM3MjJaMFYxJzAlBgNVBAoTHm1rY2VydCBkZXZlbG9wbWVu\ndCBjZXJ0aWZpY2F0ZTErMCkGA1UECwwiTEVOT1ZPXE5hbWFuQExlbm92byAoTmFt\nYW4gU2hhcm1hKTCCASIwDQYJKoZIhvcNAQEBBQADggEPADCCAQoCggEBANAEdIlg\nNMnvGvgKS7XCuy6GZwxtLWfWVQnFwkRx2y7r3G0ZyDtI5sSp6bVkY4g+jtv8ykX4\nmxisk8tAVMTXx3kHFy0Gz3AoXV635Gsy1DboHWXELWzVi7wZHnutsPQHEFnlaQPP\nO2VN8YVtQGVARsGhevLj0IVRaP60MO5+UWLz6a/C4pogBBg/Nnyh8+WFixq6zgea\nNChWhkUd0M6sN0XmemKIi02+HxBKrT/+52H78m2mcidlPb2LKUsqUKn8M9IBsxOZ\nNdLltxta06OofIMtcvVxDoAMrMRIDoJUMc5XodHenuOEYgJZpx0Z0Ie0TkJk7stp\nTrC1XIf8smKdz6ECAwEAAaNnMGUwDgYDVR0PAQH/BAQDAgWgMBMGA1UdJQQMMAoG\nCCsGAQUFBwMBMB8GA1UdIwQYMBaAFGW2+Hddxj3zftdTO9bQ2h88nc4FMB0GA1Ud\nEQQWMBSCEm5hbWFuLnRyYWluaW5nLmFwcDANBgkqhkiG9w0BAQsFAAOCAYEAYiPf\naWNrjTfQ3XOSFBR+o1jkfT7flANuZPY6Kuc9Ky/VuJzawXMIjIHZhJwZ+KZ5ytDF\nbxqM7KSokwf7M3YrTDew5dkBIYiTnUWMVlyKS2Iqo11ey2EpW6H+5sj6QMhLAQWg\nz9XzjQe67sX+BUzYg6QIO+Kv3hKnhzhVqsSvZW+MKcVyzzwKemvuqjnCIABjEgOF\nWVI9ni7MNnAhWCruBKZR5J+jpSXrhyFz4RX8X/llG0GynZX6Y+nAhTaSJPSZDOK8\n4HP0uMMRgFKOWno4Rev9/jOxabYVNo8rGt0c0emEOeXlerkDsJJF379DoWNDutsQ\nUXyMpF1yr8QPDIWIFIS/eNQeZj1H84qZkegIxkbAROHMM3owhzZwbxnsBqStPaDq\nIuA2STUnr0JB6xjZqeBdXlgKnv/bU3/VLtjqtUDAhPsXtP8F0ee7w+aCual4EaPs\nc3eJqsyT8FhvFtel014tI4Z53yE2ITb+JjwnvIfg+N78m/8xtkYyBjawfatr\n-----END CERTIFICATE-----\n",
              "tls.key": "-----BEGIN PRIVATE KEY-----\nMIIEvQIBADANBgkqhkiG9w0BAQEFAASCBKcwggSjAgEAAoIBAQDQBHSJYDTJ7xr4\nCku1wrsuhmcMbS1n1lUJxcJEcdsu69xtGcg7SObEqem1ZGOIPo7b/MpF+JsYrJPL\nQFTE18d5BxctBs9wKF1et+RrMtQ26B1lxC1s1Yu8GR57rbD0BxBZ5WkDzztlTfGF\nbUBlQEbBoXry49CFUWj+tDDuflFi8+mvwuKaIAQYPzZ8ofPlhYsaus4HmjQoVoZF\nHdDOrDdF5npiiItNvh8QSq0//udh+/JtpnInZT29iylLKlCp/DPSAbMTmTXS5bcb\nWtOjqHyDLXL1cQ6ADKzESA6CVDHOV6HR3p7jhGICWacdGdCHtE5CZO7LaU6wtVyH\n/LJinc+hAgMBAAECggEAHF9vMcmwiZaWfByTZRBRjbABYD2IAvDGGpYhwEozVjwP\njcYFfKid6VcvrHEr7kpyG+loAZE+PmhTpFZ6+XphF83yyE50ftzSl3fHrSN6tJ6G\nW/odJAogjCB0+vOe/jn0bf6Pi1h5xoCSH9vd+7F/tSt8ZKLUL0sCYjNbtTv/h9p0\nFxlxgMRqk+slZtcqOsZ/R4RxElG16Wyo6AxEkaLO5frU4WIgIKut4xWHpP2U8U8Y\ntarZzhLyZgU0tUwnQNNfgu1y9Ss3RLtUaH0QhklrIOMj124fSD0R+o9vujAPfFXG\nYH2taBFoPVDSfulYbyxNUYRT/gEKG3BAMUixVKshEQKBgQDeKnZ+EvLglYQM6v8a\nNHPwea91NTsBvpxKZbjmyBf9RHim/tjwWRhPC8GiyuUNl4QIu5fDB4rLlCWbpolI\n5CxnPYw2+VBaUKc14028fNFtWnh8aumXkew/EQ9ZB24dfqQlgZaUtURmOHQlgQ8p\nI5RtoyHxF4eDh9m4Zsc8eGRBXQKBgQDvsmOLRRwIGA93ELBsS0uRHuPdvXjSYlKG\nMrLhF92rTkYi/5gUEuyXUfZGq11TOLJzFNgki21DI12DfZlA6D723tWZWoQRx8Ls\n57TazNwAdWv/8mb30mxQf9UCh04pQ2+01qbkweMSP8y18JZQbfvWB/IZ5vGR+730\nGhTEM9APFQKBgQC0ruw3lMmbBX6j0usuMMKqLQ0Z0fTvckpB54D9kHaSMIG/rzxY\nHN28S99run+XEkb7ozXGE/g5oX8Em+jDM285d8D1ZMaI7VdQaFDsnsbknNOovHrG\nHpN4pzNIQNa5fimZp08EGnhKeldbuR7PYnRwxl/waCZ6Pp4/brdS4scGsQKBgDKU\nHOc1ZQ3cLd88+U1QshhkQUb4BTe3oZxJtG9E/vR35trZvjh2KdBgbixJWr8F1rnr\n6xQDC8JAAyqM5TrKBwdGzCG49OdflKUy23nUApRiMrDmcI3YrBxsbQFEldylKzwo\nkzzwIL8oEUVPCBjerGZkdNS8Y7sfONz6Z+li2YNlAoGAais8w2Xosei2ezHL8ej4\n+bpI+bktvTX0y+eI66qXR/CF5IY19B5XNjd+X5OfscqlqWda46wFucLLQ09TYoVh\noZ02PHF8C2Qqv4Z64P6yJ68zJZwP/ZvSIlFVn5PNZ4NHVozzLq44m2l1ZPmNfRV5\n2MVScCegMNJDktrOX+PBt34=\n-----END PRIVATE KEY-----\n"
            },
            "id": "default/my-tls-secret",
            "immutable": false,
            "metadata": [
              {
                "annotations": null,
                "generate_name": "",
                "generation": 0,
                "labels": null,
                "name": "my-tls-secret",
                "namespace": "default",
                "resource_version": "4607",
                "uid": "fd683330-243a-4bae-9a16-90319d7fcab2"
              }
            ],
            "timeouts": null,
            "type": "Opaque",
            "wait_for_service_account_token": true
          },
          "sensitive_attributes": [],
          "private": "eyJlMmJmYjczMC1lY2FhLTExZTYtOGY4OC0zNDM2M2JjN2M0YzAiOnsiY3JlYXRlIjo2MDAwMDAwMDAwMH19"
        }
      ]
    },
    {
      "mode": "managed",
      "type": "kubernetes_service_v1",
      "name": "nginx_service",
      "provider": "provider[\"registry.terraform.io/hashicorp/kubernetes\"]",
      "instances": [
        {
          "schema_version": 1,
          "attributes": {
            "id": "default/nginx-service",
            "metadata": [
              {
                "annotations": null,
                "generate_name": "",
                "generation": 0,
                "labels": null,
                "name": "nginx-service",
                "namespace": "default",
                "resource_version": "4609",
                "uid": "d9374f48-53d0-44c8-976a-a17d23d28d2c"
              }
            ],
            "spec": [
              {
                "allocate_load_balancer_node_ports": true,
                "cluster_ip": "10.106.15.81",
                "cluster_ips": [
                  "10.106.15.81"
                ],
                "external_ips": null,
                "external_name": "",
                "external_traffic_policy": "",
                "health_check_node_port": 0,
                "internal_traffic_policy": "Cluster",
                "ip_families": [
                  "IPv4"
                ],
                "ip_family_policy": "SingleStack",
                "load_balancer_class": "",
                "load_balancer_ip": "",
                "load_balancer_source_ranges": null,
                "port": [
                  {
                    "app_protocol": "",
                    "name": "",
                    "node_port": 0,
                    "port": 80,
                    "protocol": "TCP",
                    "target_port": "80"
                  }
                ],
                "publish_not_ready_addresses": false,
                "selector": {
                  "app": "mypod"
                },
                "session_affinity": "None",
                "session_affinity_config": [],
                "type": "ClusterIP"
              }
            ],
            "status": [
              {
                "load_balancer": [
                  {
                    "ingress": []
                  }
                ]
              }
            ],
            "timeouts": null,
            "wait_for_load_balancer": true
          },
          "sensitive_attributes": [],
          "private": "eyJlMmJmYjczMC1lY2FhLTExZTYtOGY4OC0zNDM2M2JjN2M0YzAiOnsiY3JlYXRlIjo2MDAwMDAwMDAwMDB9LCJzY2hlbWFfdmVyc2lvbiI6IjEifQ=="
        }
      ]
    }
  ],
  "check_results": null
}
